// !$*UTF8*$!
{
	archiveVersion = 1;
	classes = {
	};
	objectVersion = 46;
	objects = {

/* Begin PBXBuildFile section */
		6A276B47204051F900137E5E /* conjTableViewCell.swift in Sources */ = {isa = PBXBuildFile; fileRef = 6A276B46204051F900137E5E /* conjTableViewCell.swift */; };
		6A276B492040526B00137E5E /* conjVerbs.swift in Sources */ = {isa = PBXBuildFile; fileRef = 6A276B482040526B00137E5E /* conjVerbs.swift */; };
		6A4FDBD620447E5300266C00 /* WebpageViewController.swift in Sources */ = {isa = PBXBuildFile; fileRef = 6A4FDBD520447E5300266C00 /* WebpageViewController.swift */; };
		6A58BAE32056B549005613BB /* home.html in Resources */ = {isa = PBXBuildFile; fileRef = 6A58BAE22056B549005613BB /* home.html */; };
		6A6D05CF2085468F00BE2A8A /* WoodCREE.TTF in Resources */ = {isa = PBXBuildFile; fileRef = 6A6D05CE2085468F00BE2A8A /* WoodCREE.TTF */; };
		6A78EFBA204DDCBB00539981 /* DisplayViewController.swift in Sources */ = {isa = PBXBuildFile; fileRef = 6A78EFB9204DDCBA00539981 /* DisplayViewController.swift */; };
		6A7E41DF2077B069000CD4D7 /* verbs2.txt in Resources */ = {isa = PBXBuildFile; fileRef = 6A7E41DE2077B069000CD4D7 /* verbs2.txt */; };
		6AC289CF2046EA79006CD505 /* ListViewController.swift in Sources */ = {isa = PBXBuildFile; fileRef = 6AC289CE2046EA79006CD505 /* ListViewController.swift */; };
		6ADAC537203F2E4D00C5B0C7 /* CreeVerb.swift in Sources */ = {isa = PBXBuildFile; fileRef = 6ADAC536203F2E4D00C5B0C7 /* CreeVerb.swift */; };
		6ADAC53F203F69C500C5B0C7 /* verbTableViewCell.swift in Sources */ = {isa = PBXBuildFile; fileRef = 6ADAC53E203F69C500C5B0C7 /* verbTableViewCell.swift */; };
		6AF6F342203E03D000ED168A /* AppDelegate.swift in Sources */ = {isa = PBXBuildFile; fileRef = 6AF6F341203E03D000ED168A /* AppDelegate.swift */; };
		6AF6F344203E03D000ED168A /* ViewController.swift in Sources */ = {isa = PBXBuildFile; fileRef = 6AF6F343203E03D000ED168A /* ViewController.swift */; };
		6AF6F347203E03D000ED168A /* Main.storyboard in Resources */ = {isa = PBXBuildFile; fileRef = 6AF6F345203E03D000ED168A /* Main.storyboard */; };
		6AF6F349203E03D000ED168A /* Assets.xcassets in Resources */ = {isa = PBXBuildFile; fileRef = 6AF6F348203E03D000ED168A /* Assets.xcassets */; };
		6AF6F34C203E03D000ED168A /* LaunchScreen.storyboard in Resources */ = {isa = PBXBuildFile; fileRef = 6AF6F34A203E03D000ED168A /* LaunchScreen.storyboard */; };
/* End PBXBuildFile section */

/* Begin PBXFileReference section */
		6A276B46204051F900137E5E /* conjTableViewCell.swift */ = {isa = PBXFileReference; fileEncoding = 4; lastKnownFileType = sourcecode.swift; path = conjTableViewCell.swift; sourceTree = "<group>"; };
		6A276B482040526B00137E5E /* conjVerbs.swift */ = {isa = PBXFileReference; fileEncoding = 4; lastKnownFileType = sourcecode.swift; path = conjVerbs.swift; sourceTree = "<group>"; };
		6A2862AD206145C7003CD108 /* Cree Conjugation.entitlements */ = {isa = PBXFileReference; lastKnownFileType = text.plist.entitlements; path = "Cree Conjugation.entitlements"; sourceTree = "<group>"; };
		6A4FDBD520447E5300266C00 /* WebpageViewController.swift */ = {isa = PBXFileReference; fileEncoding = 4; lastKnownFileType = sourcecode.swift; path = WebpageViewController.swift; sourceTree = "<group>"; };
		6A58BAE22056B549005613BB /* home.html */ = {isa = PBXFileReference; fileEncoding = 4; lastKnownFileType = text.html; path = home.html; sourceTree = SOURCE_ROOT; };
		6A6D05CE2085468F00BE2A8A /* WoodCREE.TTF */ = {isa = PBXFileReference; lastKnownFileType = file; name = WoodCREE.TTF; path = ../../../../Downloads/nonUnicodeFonts/WoodCREE.TTF; sourceTree = "<group>"; };
		6A78EFB9204DDCBA00539981 /* DisplayViewController.swift */ = {isa = PBXFileReference; fileEncoding = 4; lastKnownFileType = sourcecode.swift; path = DisplayViewController.swift; sourceTree = "<group>"; };
		6A7E41DE2077B069000CD4D7 /* verbs2.txt */ = {isa = PBXFileReference; fileEncoding = 4; lastKnownFileType = text; path = verbs2.txt; sourceTree = "<group>"; };
		6AC289CE2046EA79006CD505 /* ListViewController.swift */ = {isa = PBXFileReference; fileEncoding = 4; lastKnownFileType = sourcecode.swift; path = ListViewController.swift; sourceTree = "<group>"; };
		6ADAC536203F2E4D00C5B0C7 /* CreeVerb.swift */ = {isa = PBXFileReference; fileEncoding = 4; lastKnownFileType = sourcecode.swift; path = CreeVerb.swift; sourceTree = "<group>"; };
		6ADAC53E203F69C500C5B0C7 /* verbTableViewCell.swift */ = {isa = PBXFileReference; fileEncoding = 4; lastKnownFileType = sourcecode.swift; path = verbTableViewCell.swift; sourceTree = "<group>"; };
		6AF6F33E203E03D000ED168A /* Cree Conjugation.app */ = {isa = PBXFileReference; explicitFileType = wrapper.application; includeInIndex = 0; path = "Cree Conjugation.app"; sourceTree = BUILT_PRODUCTS_DIR; };
		6AF6F341203E03D000ED168A /* AppDelegate.swift */ = {isa = PBXFileReference; lastKnownFileType = sourcecode.swift; path = AppDelegate.swift; sourceTree = "<group>"; };
		6AF6F343203E03D000ED168A /* ViewController.swift */ = {isa = PBXFileReference; lastKnownFileType = sourcecode.swift; path = ViewController.swift; sourceTree = "<group>"; };
		6AF6F346203E03D000ED168A /* Base */ = {isa = PBXFileReference; lastKnownFileType = file.storyboard; name = Base; path = Base.lproj/Main.storyboard; sourceTree = "<group>"; };
		6AF6F348203E03D000ED168A /* Assets.xcassets */ = {isa = PBXFileReference; lastKnownFileType = folder.assetcatalog; name = Assets.xcassets; path = "Cree Conjugation/Assets.xcassets"; sourceTree = SOURCE_ROOT; };
		6AF6F34B203E03D000ED168A /* Base */ = {isa = PBXFileReference; lastKnownFileType = file.storyboard; name = Base; path = Base.lproj/LaunchScreen.storyboard; sourceTree = "<group>"; };
		6AF6F34D203E03D000ED168A /* Info.plist */ = {isa = PBXFileReference; lastKnownFileType = text.plist.xml; path = Info.plist; sourceTree = "<group>"; };
/* End PBXFileReference section */

/* Begin PBXFrameworksBuildPhase section */
		6AF6F33B203E03CF00ED168A /* Frameworks */ = {
			isa = PBXFrameworksBuildPhase;
			buildActionMask = 2147483647;
			files = (
			);
			runOnlyForDeploymentPostprocessing = 0;
		};
/* End PBXFrameworksBuildPhase section */

/* Begin PBXGroup section */
		6A2862AE20614EE3003CD108 /* Frameworks */ = {
			isa = PBXGroup;
			children = (
			);
			name = Frameworks;
			sourceTree = "<group>";
		};
		6AF6F335203E03CF00ED168A = {
			isa = PBXGroup;
			children = (
				6AF6F340203E03D000ED168A /* Cree Conjugation */,
				6AF6F33F203E03D000ED168A /* Products */,
				6A2862AE20614EE3003CD108 /* Frameworks */,
			);
			sourceTree = "<group>";
		};
		6AF6F33F203E03D000ED168A /* Products */ = {
			isa = PBXGroup;
			children = (
				6AF6F33E203E03D000ED168A /* Cree Conjugation.app */,
			);
			name = Products;
			sourceTree = "<group>";
		};
		6AF6F340203E03D000ED168A /* Cree Conjugation */ = {
			isa = PBXGroup;
			children = (
				6A2862AD206145C7003CD108 /* Cree Conjugation.entitlements */,
				6AF6F341203E03D000ED168A /* AppDelegate.swift */,
				6AF6F343203E03D000ED168A /* ViewController.swift */,
				6AF6F345203E03D000ED168A /* Main.storyboard */,
				6A78EFB9204DDCBA00539981 /* DisplayViewController.swift */,
				6AC289CE2046EA79006CD505 /* ListViewController.swift */,
				6A4FDBD520447E5300266C00 /* WebpageViewController.swift */,
				6A276B482040526B00137E5E /* conjVerbs.swift */,
				6A276B46204051F900137E5E /* conjTableViewCell.swift */,
				6ADAC53E203F69C500C5B0C7 /* verbTableViewCell.swift */,
				6ADAC536203F2E4D00C5B0C7 /* CreeVerb.swift */,
				6A7E41DE2077B069000CD4D7 /* verbs2.txt */,
				6A58BAE22056B549005613BB /* home.html */,
				6AF6F348203E03D000ED168A /* Assets.xcassets */,
				6AF6F34A203E03D000ED168A /* LaunchScreen.storyboard */,
				6AF6F34D203E03D000ED168A /* Info.plist */,
				6A6D05CE2085468F00BE2A8A /* WoodCREE.TTF */,
			);
			path = "Cree Conjugation";
			sourceTree = "<group>";
		};
/* End PBXGroup section */

/* Begin PBXNativeTarget section */
		6AF6F33D203E03CF00ED168A /* Cree Conjugation */ = {
			isa = PBXNativeTarget;
			buildConfigurationList = 6AF6F350203E03D000ED168A /* Build configuration list for PBXNativeTarget "Cree Conjugation" */;
			buildPhases = (
				6AF6F33A203E03CF00ED168A /* Sources */,
				6AF6F33B203E03CF00ED168A /* Frameworks */,
				6AF6F33C203E03CF00ED168A /* Resources */,
			);
			buildRules = (
			);
			dependencies = (
			);
			name = "Cree Conjugation";
			productName = "Cree Conjugation";
			productReference = 6AF6F33E203E03D000ED168A /* Cree Conjugation.app */;
			productType = "com.apple.product-type.application";
		};
/* End PBXNativeTarget section */

/* Begin PBXProject section */
		6AF6F336203E03CF00ED168A /* Project object */ = {
			isa = PBXProject;
			attributes = {
				LastSwiftUpdateCheck = 0820;
				LastUpgradeCheck = 0820;
				ORGANIZATIONNAME = nistosap;
				TargetAttributes = {
					6AF6F33D203E03CF00ED168A = {
						CreatedOnToolsVersion = 8.2.1;
						DevelopmentTeam = 8GM62J5SRE;
						ProvisioningStyle = Automatic;
						SystemCapabilities = {
							com.apple.Push = {
								enabled = 0;
							};
							com.apple.iCloud = {
								enabled = 0;
							};
						};
					};
				};
			};
			buildConfigurationList = 6AF6F339203E03CF00ED168A /* Build configuration list for PBXProject "Cree Conjugation" */;
			compatibilityVersion = "Xcode 3.2";
			developmentRegion = English;
			hasScannedForEncodings = 0;
			knownRegions = (
				en,
				Base,
			);
			mainGroup = 6AF6F335203E03CF00ED168A;
			productRefGroup = 6AF6F33F203E03D000ED168A /* Products */;
			projectDirPath = "";
			projectRoot = "";
			targets = (
				6AF6F33D203E03CF00ED168A /* Cree Conjugation */,
			);
		};
/* End PBXProject section */

/* Begin PBXResourcesBuildPhase section */
		6AF6F33C203E03CF00ED168A /* Resources */ = {
			isa = PBXResourcesBuildPhase;
			buildActionMask = 2147483647;
			files = (
				6AF6F34C203E03D000ED168A /* LaunchScreen.storyboard in Resources */,
				6A58BAE32056B549005613BB /* home.html in Resources */,
				6A6D05CF2085468F00BE2A8A /* WoodCREE.TTF in Resources */,
				6AF6F349203E03D000ED168A /* Assets.xcassets in Resources */,
				6A7E41DF2077B069000CD4D7 /* verbs2.txt in Resources */,
				6AF6F347203E03D000ED168A /* Main.storyboard in Resources */,
			);
			runOnlyForDeploymentPostprocessing = 0;
		};
/* End PBXResourcesBuildPhase section */

/* Begin PBXSourcesBuildPhase section */
		6AF6F33A203E03CF00ED168A /* Sources */ = {
			isa = PBXSourcesBuildPhase;
			buildActionMask = 2147483647;
			files = (
				6AF6F344203E03D000ED168A /* ViewController.swift in Sources */,
				6AF6F342203E03D000ED168A /* AppDelegate.swift in Sources */,
				6A78EFBA204DDCBB00539981 /* DisplayViewController.swift in Sources */,
				6AC289CF2046EA79006CD505 /* ListViewController.swift in Sources */,
				6ADAC53F203F69C500C5B0C7 /* verbTableViewCell.swift in Sources */,
				6A276B492040526B00137E5E /* conjVerbs.swift in Sources */,
				6A4FDBD620447E5300266C00 /* WebpageViewController.swift in Sources */,
				6A276B47204051F900137E5E /* conjTableViewCell.swift in Sources */,
				6ADAC537203F2E4D00C5B0C7 /* CreeVerb.swift in Sources */,
			);
			runOnlyForDeploymentPostprocessing = 0;
		};
/* End PBXSourcesBuildPhase section */

/* Begin PBXVariantGroup section */
		6AF6F345203E03D000ED168A /* Main.storyboard */ = {
			isa = PBXVariantGroup;
			children = (
				6AF6F346203E03D000ED168A /* Base */,
			);
			name = Main.storyboard;
			sourceTree = "<group>";
		};
		6AF6F34A203E03D000ED168A /* LaunchScreen.storyboard */ = {
			isa = PBXVariantGroup;
			children = (
				6AF6F34B203E03D000ED168A /* Base */,
			);
			name = LaunchScreen.storyboard;
			sourceTree = "<group>";
		};
/* End PBXVariantGroup section */

/* Begin XCBuildConfiguration section */
		6AF6F34E203E03D000ED168A /* Debug */ = {
			isa = XCBuildConfiguration;
			buildSettings = {
				ALWAYS_SEARCH_USER_PATHS = NO;
				CLANG_ANALYZER_NONNULL = YES;
				CLANG_CXX_LANGUAGE_STANDARD = "gnu++0x";
				CLANG_CXX_LIBRARY = "libc++";
				CLANG_ENABLE_MODULES = YES;
				CLANG_ENABLE_OBJC_ARC = YES;
				CLANG_WARN_BOOL_CONVERSION = YES;
				CLANG_WARN_CONSTANT_CONVERSION = YES;
				CLANG_WARN_DIRECT_OBJC_ISA_USAGE = YES_ERROR;
				CLANG_WARN_DOCUMENTATION_COMMENTS = YES;
				CLANG_WARN_EMPTY_BODY = YES;
				CLANG_WARN_ENUM_CONVERSION = YES;
				CLANG_WARN_INFINITE_RECURSION = YES;
				CLANG_WARN_INT_CONVERSION = YES;
				CLANG_WARN_OBJC_ROOT_CLASS = YES_ERROR;
				CLANG_WARN_SUSPICIOUS_MOVE = YES;
				CLANG_WARN_UNREACHABLE_CODE = YES;
				CLANG_WARN__DUPLICATE_METHOD_MATCH = YES;
				"CODE_SIGN_IDENTITY[sdk=iphoneos*]" = "iPhone Developer";
				COPY_PHASE_STRIP = NO;
				DEBUG_INFORMATION_FORMAT = dwarf;
				ENABLE_STRICT_OBJC_MSGSEND = YES;
				ENABLE_TESTABILITY = YES;
				GCC_C_LANGUAGE_STANDARD = gnu99;
				GCC_DYNAMIC_NO_PIC = NO;
				GCC_NO_COMMON_BLOCKS = YES;
				GCC_OPTIMIZATION_LEVEL = 0;
				GCC_PREPROCESSOR_DEFINITIONS = (
					"DEBUG=1",
					"$(inherited)",
				);
				GCC_WARN_64_TO_32_BIT_CONVERSION = YES;
				GCC_WARN_ABOUT_RETURN_TYPE = YES_ERROR;
				GCC_WARN_UNDECLARED_SELECTOR = YES;
				GCC_WARN_UNINITIALIZED_AUTOS = YES_AGGRESSIVE;
				GCC_WARN_UNUSED_FUNCTION = YES;
				GCC_WARN_UNUSED_VARIABLE = YES;
				IPHONEOS_DEPLOYMENT_TARGET = 10.2;
				MTL_ENABLE_DEBUG_INFO = YES;
				ONLY_ACTIVE_ARCH = YES;
				SDKROOT = iphoneos;
				SWIFT_ACTIVE_COMPILATION_CONDITIONS = DEBUG;
				SWIFT_OPTIMIZATION_LEVEL = "-Onone";
				TARGETED_DEVICE_FAMILY = "1,2";
			};
			name = Debug;
		};
		6AF6F34F203E03D000ED168A /* Release */ = {
			isa = XCBuildConfiguration;
			buildSettings = {
				ALWAYS_SEARCH_USER_PATHS = NO;
				CLANG_ANALYZER_NONNULL = YES;
				CLANG_CXX_LANGUAGE_STANDARD = "gnu++0x";
				CLANG_CXX_LIBRARY = "libc++";
				CLANG_ENABLE_MODULES = YES;
				CLANG_ENABLE_OBJC_ARC = YES;
				CLANG_WARN_BOOL_CONVERSION = YES;
				CLANG_WARN_CONSTANT_CONVERSION = YES;
				CLANG_WARN_DIRECT_OBJC_ISA_USAGE = YES_ERROR;
				CLANG_WARN_DOCUMENTATION_COMMENTS = YES;
				CLANG_WARN_EMPTY_BODY = YES;
				CLANG_WARN_ENUM_CONVERSION = YES;
				CLANG_WARN_INFINITE_RECURSION = YES;
				CLANG_WARN_INT_CONVERSION = YES;
				CLANG_WARN_OBJC_ROOT_CLASS = YES_ERROR;
				CLANG_WARN_SUSPICIOUS_MOVE = YES;
				CLANG_WARN_UNREACHABLE_CODE = YES;
				CLANG_WARN__DUPLICATE_METHOD_MATCH = YES;
				"CODE_SIGN_IDENTITY[sdk=iphoneos*]" = "iPhone Developer";
				COPY_PHASE_STRIP = NO;
				DEBUG_INFORMATION_FORMAT = "dwarf-with-dsym";
				ENABLE_NS_ASSERTIONS = NO;
				ENABLE_STRICT_OBJC_MSGSEND = YES;
				GCC_C_LANGUAGE_STANDARD = gnu99;
				GCC_NO_COMMON_BLOCKS = YES;
				GCC_WARN_64_TO_32_BIT_CONVERSION = YES;
				GCC_WARN_ABOUT_RETURN_TYPE = YES_ERROR;
				GCC_WARN_UNDECLARED_SELECTOR = YES;
				GCC_WARN_UNINITIALIZED_AUTOS = YES_AGGRESSIVE;
				GCC_WARN_UNUSED_FUNCTION = YES;
				GCC_WARN_UNUSED_VARIABLE = YES;
				IPHONEOS_DEPLOYMENT_TARGET = 10.2;
				MTL_ENABLE_DEBUG_INFO = NO;
				SDKROOT = iphoneos;
				SWIFT_OPTIMIZATION_LEVEL = "-Owholemodule";
				TARGETED_DEVICE_FAMILY = "1,2";
				VALIDATE_PRODUCT = YES;
			};
			name = Release;
		};
		6AF6F351203E03D000ED168A /* Debug */ = {
			isa = XCBuildConfiguration;
			buildSettings = {
				ASSETCATALOG_COMPILER_APPICON_NAME = AppIcon;
				DEVELOPMENT_TEAM = 8GM62J5SRE;
				INFOPLIST_FILE = "Cree Conjugation/Info.plist";
				LD_RUNPATH_SEARCH_PATHS = "$(inherited) @executable_path/Frameworks";
				PRODUCT_BUNDLE_IDENTIFIER = "com.nistosap.Cree-Conjugation";
				PRODUCT_NAME = "$(TARGET_NAME)";
				SWIFT_VERSION = 3.0;
			};
			name = Debug;
		};
		6AF6F352203E03D000ED168A /* Release */ = {
			isa = XCBuildConfiguration;
			buildSettings = {
				ASSETCATALOG_COMPILER_APPICON_NAME = AppIcon;
				DEVELOPMENT_TEAM = 8GM62J5SRE;
				INFOPLIST_FILE = "Cree Conjugation/Info.plist";
				LD_RUNPATH_SEARCH_PATHS = "$(inherited) @executable_path/Frameworks";
				PRODUCT_BUNDLE_IDENTIFIER = "com.nistosap.Cree-Conjugation";
				PRODUCT_NAME = "$(TARGET_NAME)";
				SWIFT_VERSION = 3.0;
			};
			name = Release;
		};
/* End XCBuildConfiguration section */

/* Begin XCConfigurationList section */
		6AF6F339203E03CF00ED168A /* Build configuration list for PBXProject "Cree Conjugation" */ = {
			isa = XCConfigurationList;
			buildConfigurations = (
				6AF6F34E203E03D000ED168A /* Debug */,
				6AF6F34F203E03D000ED168A /* Release */,
			);
			defaultConfigurationIsVisible = 0;
			defaultConfigurationName = Release;
		};
		6AF6F350203E03D000ED168A /* Build configuration list for PBXNativeTarget "Cree Conjugation" */ = {
			isa = XCConfigurationList;
			buildConfigurations = (
				6AF6F351203E03D000ED168A /* Debug */,
				6AF6F352203E03D000ED168A /* Release */,
			);
			defaultConfigurationIsVisible = 0;
			defaultConfigurationName = Release;
		};
/* End XCConfigurationList section */
	};
	rootObject = 6AF6F336203E03CF00ED168A /* Project object */;
}
